
Microsoft Visual Studio Solution File, Format Version 12.00
# Visual Studio 15
VisualStudioVersion = 15.0.27703.2026
MinimumVisualStudioVersion = 10.0.40219.1
Project("{FAE04EC0-301F-11D3-BF4B-00C04F79EFBC}") = "BlinkLib", "BlinkLib\BlinkLib.csproj", "{8F493D39-4BBC-4E1C-A664-8FDDED2E79D9}"
EndProject
Project("{FAE04EC0-301F-11D3-BF4B-00C04F79EFBC}") = "Blink", "Blink\Blink.csproj", "{E0D6A5B1-053F-46A4-B798-117C18FDE7B3}"
EndProject
Global
	GlobalSection(SolutionConfigurationPlatforms) = preSolution
		Debug|Any CPU = Debug|Any CPU
		Release|Any CPU = Release|Any CPU
	EndGlobalSection
	GlobalSection(ProjectConfigurationPlatforms) = postSolution
		{8F493D39-4BBC-4E1C-A664-8FDDED2E79D9}.Debug|Any CPU.ActiveCfg = Debug|Any CPU
		{8F493D39-4BBC-4E1C-A664-8FDDED2E79D9}.Debug|Any CPU.Build.0 = Debug|Any CPU
		{8F493D39-4BBC-4E1C-A664-8FDDED2E79D9}.Release|Any CPU.ActiveCfg = Release|Any CPU
		{8F493D39-4BBC-4E1C-A664-8FDDED2E79D9}.Release|Any CPU.Build.0 = Release|Any CPU
		{E0D6A5B1-053F-46A4-B798-117C18FDE7B3}.Debug|Any CPU.ActiveCfg = Debug|Any CPU
		{E0D6A5B1-053F-46A4-B798-117C18FDE7B3}.Debug|Any CPU.Build.0 = Debug|Any CPU
		{E0D6A5B1-053F-46A4-B798-117C18FDE7B3}.Release|Any CPU.ActiveCfg = Release|Any CPU
		{E0D6A5B1-053F-46A4-B798-117C18FDE7B3}.Release|Any CPU.Build.0 = Release|Any CPU
	EndGlobalSection
	GlobalSection(SolutionProperties) = preSolution
		HideSolutionNode = FALSE
	EndGlobalSection
	GlobalSection(ExtensibilityGlobals) = postSolution
		SolutionGuid = {094D8F52-0272-47EA-BB34-AC93F7F85276}
	EndGlobalSection
EndGlobal
